
Microsoft Visual Studio Solution File, Format Version 12.00
# Visual Studio Version 16
VisualStudioVersion = 16.0.30611.23
MinimumVisualStudioVersion = 10.0.40219.1
Project("{888888A0-9F3D-457C-B088-3A5042F75D52}") = "Sample", "Sample\Sample.pyproj", "{1276B2F8-E6B0-4381-8BFC-0BDA7184EC08}"
EndProject
Global
	GlobalSection(SolutionConfigurationPlatforms) = preSolution
		Debug|Any CPU = Debug|Any CPU
		Release|Any CPU = Release|Any CPU
	EndGlobalSection
	GlobalSection(ProjectConfigurationPlatforms) = postSolution
		{1276B2F8-E6B0-4381-8BFC-0BDA7184EC08}.Debug|Any CPU.ActiveCfg = Debug|Any CPU
		{1276B2F8-E6B0-4381-8BFC-0BDA7184EC08}.Release|Any CPU.ActiveCfg = Release|Any CPU
	EndGlobalSection
	GlobalSection(SolutionProperties) = preSolution
		HideSolutionNode = FALSE
	EndGlobalSection
	GlobalSection(ExtensibilityGlobals) = postSolution
		SolutionGuid = {782F4A46-A01B-4519-936E-1E1178FDB050}
	EndGlobalSection
EndGlobal
